// !$*UTF8*$!
{
	archiveVersion = 1;
	classes = {
	};
	objectVersion = 50;
	objects = {

/* Begin PBXBuildFile section */
		2863A1A726C424E600E1EF3F /* Mobiquity.xcdatamodeld in Sources */ = {isa = PBXBuildFile; fileRef = 2863A1A526C424E600E1EF3F /* Mobiquity.xcdatamodeld */; };
		2863A1B726C424E900E1EF3F /* MobiquityTests.swift in Sources */ = {isa = PBXBuildFile; fileRef = 2863A1B626C424E900E1EF3F /* MobiquityTests.swift */; };
		2863A1C226C424E900E1EF3F /* MobiquityUITests.swift in Sources */ = {isa = PBXBuildFile; fileRef = 2863A1C126C424E900E1EF3F /* MobiquityUITests.swift */; };
		2863A20326C4252A00E1EF3F /* HelpViewModel.swift in Sources */ = {isa = PBXBuildFile; fileRef = 2863A1D826C4252A00E1EF3F /* HelpViewModel.swift */; };
		2863A20426C4252A00E1EF3F /* HelpModel.swift in Sources */ = {isa = PBXBuildFile; fileRef = 2863A1DA26C4252A00E1EF3F /* HelpModel.swift */; };
		2863A20526C4252A00E1EF3F /* HelpVC.swift in Sources */ = {isa = PBXBuildFile; fileRef = 2863A1DC26C4252A00E1EF3F /* HelpVC.swift */; };
		2863A20626C4252A00E1EF3F /* SettingViewModel.swift in Sources */ = {isa = PBXBuildFile; fileRef = 2863A1DF26C4252A00E1EF3F /* SettingViewModel.swift */; };
		2863A20726C4252A00E1EF3F /* SettingModel.swift in Sources */ = {isa = PBXBuildFile; fileRef = 2863A1E126C4252A00E1EF3F /* SettingModel.swift */; };
		2863A20826C4252A00E1EF3F /* SettingVC.swift in Sources */ = {isa = PBXBuildFile; fileRef = 2863A1E326C4252A00E1EF3F /* SettingVC.swift */; };
		2863A20926C4252A00E1EF3F /* BaseViewModel.swift in Sources */ = {isa = PBXBuildFile; fileRef = 2863A1E626C4252A00E1EF3F /* BaseViewModel.swift */; };
		2863A20A26C4252A00E1EF3F /* BaseModel.swift in Sources */ = {isa = PBXBuildFile; fileRef = 2863A1E826C4252A00E1EF3F /* BaseModel.swift */; };
		2863A20B26C4252A00E1EF3F /* BaseVC.swift in Sources */ = {isa = PBXBuildFile; fileRef = 2863A1EA26C4252A00E1EF3F /* BaseVC.swift */; };
		2863A20C26C4252A00E1EF3F /* CityViewModel.swift in Sources */ = {isa = PBXBuildFile; fileRef = 2863A1ED26C4252A00E1EF3F /* CityViewModel.swift */; };
		2863A20D26C4252A00E1EF3F /* CityModel.swift in Sources */ = {isa = PBXBuildFile; fileRef = 2863A1EF26C4252A00E1EF3F /* CityModel.swift */; };
		2863A20E26C4252A00E1EF3F /* CityVC.swift in Sources */ = {isa = PBXBuildFile; fileRef = 2863A1F126C4252A00E1EF3F /* CityVC.swift */; };
		2863A20F26C4252A00E1EF3F /* CityCell.xib in Resources */ = {isa = PBXBuildFile; fileRef = 2863A1F226C4252A00E1EF3F /* CityCell.xib */; };
		2863A21026C4252A00E1EF3F /* CityCell.swift in Sources */ = {isa = PBXBuildFile; fileRef = 2863A1F326C4252A00E1EF3F /* CityCell.swift */; };
		2863A21126C4252A00E1EF3F /* HomeViewModel.swift in Sources */ = {isa = PBXBuildFile; fileRef = 2863A1F626C4252A00E1EF3F /* HomeViewModel.swift */; };
		2863A21226C4252A00E1EF3F /* HomeModel.swift in Sources */ = {isa = PBXBuildFile; fileRef = 2863A1F826C4252A00E1EF3F /* HomeModel.swift */; };
		2863A21326C4252A00E1EF3F /* ViewController.swift in Sources */ = {isa = PBXBuildFile; fileRef = 2863A1FA26C4252A00E1EF3F /* ViewController.swift */; };
		2863A21426C4252A00E1EF3F /* HomeCell.swift in Sources */ = {isa = PBXBuildFile; fileRef = 2863A1FB26C4252A00E1EF3F /* HomeCell.swift */; };
		2863A21526C4252A00E1EF3F /* HomeCell.xib in Resources */ = {isa = PBXBuildFile; fileRef = 2863A1FC26C4252A00E1EF3F /* HomeCell.xib */; };
		2863A21626C4252A00E1EF3F /* Assets.xcassets in Resources */ = {isa = PBXBuildFile; fileRef = 2863A1FE26C4252A00E1EF3F /* Assets.xcassets */; };
		2863A21726C4252A00E1EF3F /* Main.storyboard in Resources */ = {isa = PBXBuildFile; fileRef = 2863A1FF26C4252A00E1EF3F /* Main.storyboard */; };
		2863A21826C4252A00E1EF3F /* AppDelegate.swift in Sources */ = {isa = PBXBuildFile; fileRef = 2863A20226C4252A00E1EF3F /* AppDelegate.swift */; };
		2863A24026C4256100E1EF3F /* LaunchScreen.storyboard in Resources */ = {isa = PBXBuildFile; fileRef = 2863A22126C4256000E1EF3F /* LaunchScreen.storyboard */; };
		2863A24126C4256100E1EF3F /* Structure.swift in Sources */ = {isa = PBXBuildFile; fileRef = 2863A22426C4256000E1EF3F /* Structure.swift */; };
		2863A24226C4256100E1EF3F /* Constant.swift in Sources */ = {isa = PBXBuildFile; fileRef = 2863A22626C4256000E1EF3F /* Constant.swift */; };
		2863A24326C4256100E1EF3F /* SceneDelegate.swift in Sources */ = {isa = PBXBuildFile; fileRef = 2863A22826C4256000E1EF3F /* SceneDelegate.swift */; };
		2863A24426C4256100E1EF3F /* Spinner.swift in Sources */ = {isa = PBXBuildFile; fileRef = 2863A22A26C4256000E1EF3F /* Spinner.swift */; };
		2863A24526C4256100E1EF3F /* UserDefaultManager.swift in Sources */ = {isa = PBXBuildFile; fileRef = 2863A22C26C4256100E1EF3F /* UserDefaultManager.swift */; };
		2863A24626C4256100E1EF3F /* Enumration.swift in Sources */ = {isa = PBXBuildFile; fileRef = 2863A22E26C4256100E1EF3F /* Enumration.swift */; };
		2863A24726C4256100E1EF3F /* InternetObserver.swift in Sources */ = {isa = PBXBuildFile; fileRef = 2863A23126C4256100E1EF3F /* InternetObserver.swift */; };
		2863A24826C4256100E1EF3F /* APIMethod.swift in Sources */ = {isa = PBXBuildFile; fileRef = 2863A23326C4256100E1EF3F /* APIMethod.swift */; };
		2863A24926C4256100E1EF3F /* EndPointConnection.swift in Sources */ = {isa = PBXBuildFile; fileRef = 2863A23526C4256100E1EF3F /* EndPointConnection.swift */; };
		2863A24A26C4256100E1EF3F /* APIService.swift in Sources */ = {isa = PBXBuildFile; fileRef = 2863A23726C4256100E1EF3F /* APIService.swift */; };
		2863A24B26C4256100E1EF3F /* JsonKey.swift in Sources */ = {isa = PBXBuildFile; fileRef = 2863A23926C4256100E1EF3F /* JsonKey.swift */; };
		2863A24C26C4256100E1EF3F /* help.html in Resources */ = {isa = PBXBuildFile; fileRef = 2863A23B26C4256100E1EF3F /* help.html */; };
		2863A24D26C4256100E1EF3F /* Extension.swift in Sources */ = {isa = PBXBuildFile; fileRef = 2863A23D26C4256100E1EF3F /* Extension.swift */; };
		2863A24E26C4256100E1EF3F /* Protocal.swift in Sources */ = {isa = PBXBuildFile; fileRef = 2863A23F26C4256100E1EF3F /* Protocal.swift */; };
		2863A26326C425E600E1EF3F /* WebKit.framework in Frameworks */ = {isa = PBXBuildFile; fileRef = 2863A26226C425E600E1EF3F /* WebKit.framework */; };
/* End PBXBuildFile section */

/* Begin PBXContainerItemProxy section */
		2863A1B326C424E900E1EF3F /* PBXContainerItemProxy */ = {
			isa = PBXContainerItemProxy;
			containerPortal = 2863A19126C424E600E1EF3F /* Project object */;
			proxyType = 1;
			remoteGlobalIDString = 2863A19826C424E600E1EF3F;
			remoteInfo = Mobiquity;
		};
		2863A1BE26C424E900E1EF3F /* PBXContainerItemProxy */ = {
			isa = PBXContainerItemProxy;
			containerPortal = 2863A19126C424E600E1EF3F /* Project object */;
			proxyType = 1;
			remoteGlobalIDString = 2863A19826C424E600E1EF3F;
			remoteInfo = Mobiquity;
		};
/* End PBXContainerItemProxy section */

/* Begin PBXFileReference section */
		2863A19926C424E600E1EF3F /* Mobiquity.app */ = {isa = PBXFileReference; explicitFileType = wrapper.application; includeInIndex = 0; path = Mobiquity.app; sourceTree = BUILT_PRODUCTS_DIR; };
		2863A1A626C424E600E1EF3F /* Mobiquity.xcdatamodel */ = {isa = PBXFileReference; lastKnownFileType = wrapper.xcdatamodel; path = Mobiquity.xcdatamodel; sourceTree = "<group>"; };
		2863A1AD26C424E900E1EF3F /* Info.plist */ = {isa = PBXFileReference; lastKnownFileType = text.plist.xml; path = Info.plist; sourceTree = "<group>"; };
		2863A1B226C424E900E1EF3F /* MobiquityTests.xctest */ = {isa = PBXFileReference; explicitFileType = wrapper.cfbundle; includeInIndex = 0; path = MobiquityTests.xctest; sourceTree = BUILT_PRODUCTS_DIR; };
		2863A1B626C424E900E1EF3F /* MobiquityTests.swift */ = {isa = PBXFileReference; lastKnownFileType = sourcecode.swift; path = MobiquityTests.swift; sourceTree = "<group>"; };
		2863A1B826C424E900E1EF3F /* Info.plist */ = {isa = PBXFileReference; lastKnownFileType = text.plist.xml; path = Info.plist; sourceTree = "<group>"; };
		2863A1BD26C424E900E1EF3F /* MobiquityUITests.xctest */ = {isa = PBXFileReference; explicitFileType = wrapper.cfbundle; includeInIndex = 0; path = MobiquityUITests.xctest; sourceTree = BUILT_PRODUCTS_DIR; };
		2863A1C126C424E900E1EF3F /* MobiquityUITests.swift */ = {isa = PBXFileReference; lastKnownFileType = sourcecode.swift; path = MobiquityUITests.swift; sourceTree = "<group>"; };
		2863A1C326C424E900E1EF3F /* Info.plist */ = {isa = PBXFileReference; lastKnownFileType = text.plist.xml; path = Info.plist; sourceTree = "<group>"; };
		2863A1D826C4252A00E1EF3F /* HelpViewModel.swift */ = {isa = PBXFileReference; fileEncoding = 4; lastKnownFileType = sourcecode.swift; path = HelpViewModel.swift; sourceTree = "<group>"; };
		2863A1DA26C4252A00E1EF3F /* HelpModel.swift */ = {isa = PBXFileReference; fileEncoding = 4; lastKnownFileType = sourcecode.swift; path = HelpModel.swift; sourceTree = "<group>"; };
		2863A1DC26C4252A00E1EF3F /* HelpVC.swift */ = {isa = PBXFileReference; fileEncoding = 4; lastKnownFileType = sourcecode.swift; path = HelpVC.swift; sourceTree = "<group>"; };
		2863A1DF26C4252A00E1EF3F /* SettingViewModel.swift */ = {isa = PBXFileReference; fileEncoding = 4; lastKnownFileType = sourcecode.swift; path = SettingViewModel.swift; sourceTree = "<group>"; };
		2863A1E126C4252A00E1EF3F /* SettingModel.swift */ = {isa = PBXFileReference; fileEncoding = 4; lastKnownFileType = sourcecode.swift; path = SettingModel.swift; sourceTree = "<group>"; };
		2863A1E326C4252A00E1EF3F /* SettingVC.swift */ = {isa = PBXFileReference; fileEncoding = 4; lastKnownFileType = sourcecode.swift; path = SettingVC.swift; sourceTree = "<group>"; };
		2863A1E626C4252A00E1EF3F /* BaseViewModel.swift */ = {isa = PBXFileReference; fileEncoding = 4; lastKnownFileType = sourcecode.swift; path = BaseViewModel.swift; sourceTree = "<group>"; };
		2863A1E826C4252A00E1EF3F /* BaseModel.swift */ = {isa = PBXFileReference; fileEncoding = 4; lastKnownFileType = sourcecode.swift; path = BaseModel.swift; sourceTree = "<group>"; };
		2863A1EA26C4252A00E1EF3F /* BaseVC.swift */ = {isa = PBXFileReference; fileEncoding = 4; lastKnownFileType = sourcecode.swift; path = BaseVC.swift; sourceTree = "<group>"; };
		2863A1ED26C4252A00E1EF3F /* CityViewModel.swift */ = {isa = PBXFileReference; fileEncoding = 4; lastKnownFileType = sourcecode.swift; path = CityViewModel.swift; sourceTree = "<group>"; };
		2863A1EF26C4252A00E1EF3F /* CityModel.swift */ = {isa = PBXFileReference; fileEncoding = 4; lastKnownFileType = sourcecode.swift; path = CityModel.swift; sourceTree = "<group>"; };
		2863A1F126C4252A00E1EF3F /* CityVC.swift */ = {isa = PBXFileReference; fileEncoding = 4; lastKnownFileType = sourcecode.swift; path = CityVC.swift; sourceTree = "<group>"; };
		2863A1F226C4252A00E1EF3F /* CityCell.xib */ = {isa = PBXFileReference; fileEncoding = 4; lastKnownFileType = file.xib; path = CityCell.xib; sourceTree = "<group>"; };
		2863A1F326C4252A00E1EF3F /* CityCell.swift */ = {isa = PBXFileReference; fileEncoding = 4; lastKnownFileType = sourcecode.swift; path = CityCell.swift; sourceTree = "<group>"; };
		2863A1F626C4252A00E1EF3F /* HomeViewModel.swift */ = {isa = PBXFileReference; fileEncoding = 4; lastKnownFileType = sourcecode.swift; path = HomeViewModel.swift; sourceTree = "<group>"; };
		2863A1F826C4252A00E1EF3F /* HomeModel.swift */ = {isa = PBXFileReference; fileEncoding = 4; lastKnownFileType = sourcecode.swift; path = HomeModel.swift; sourceTree = "<group>"; };
		2863A1FA26C4252A00E1EF3F /* ViewController.swift */ = {isa = PBXFileReference; fileEncoding = 4; lastKnownFileType = sourcecode.swift; path = ViewController.swift; sourceTree = "<group>"; };
		2863A1FB26C4252A00E1EF3F /* HomeCell.swift */ = {isa = PBXFileReference; fileEncoding = 4; lastKnownFileType = sourcecode.swift; path = HomeCell.swift; sourceTree = "<group>"; };
		2863A1FC26C4252A00E1EF3F /* HomeCell.xib */ = {isa = PBXFileReference; fileEncoding = 4; lastKnownFileType = file.xib; path = HomeCell.xib; sourceTree = "<group>"; };
		2863A1FE26C4252A00E1EF3F /* Assets.xcassets */ = {isa = PBXFileReference; lastKnownFileType = folder.assetcatalog; path = Assets.xcassets; sourceTree = "<group>"; };
		2863A20026C4252A00E1EF3F /* Base */ = {isa = PBXFileReference; lastKnownFileType = file.storyboard; name = Base; path = Base.lproj/Main.storyboard; sourceTree = "<group>"; };
		2863A20226C4252A00E1EF3F /* AppDelegate.swift */ = {isa = PBXFileReference; fileEncoding = 4; lastKnownFileType = sourcecode.swift; path = AppDelegate.swift; sourceTree = "<group>"; };
		2863A22226C4256000E1EF3F /* Base */ = {isa = PBXFileReference; lastKnownFileType = file.storyboard; name = Base; path = Base.lproj/LaunchScreen.storyboard; sourceTree = "<group>"; };
		2863A22426C4256000E1EF3F /* Structure.swift */ = {isa = PBXFileReference; fileEncoding = 4; lastKnownFileType = sourcecode.swift; path = Structure.swift; sourceTree = "<group>"; };
		2863A22626C4256000E1EF3F /* Constant.swift */ = {isa = PBXFileReference; fileEncoding = 4; lastKnownFileType = sourcecode.swift; path = Constant.swift; sourceTree = "<group>"; };
		2863A22826C4256000E1EF3F /* SceneDelegate.swift */ = {isa = PBXFileReference; fileEncoding = 4; lastKnownFileType = sourcecode.swift; path = SceneDelegate.swift; sourceTree = "<group>"; };
		2863A22A26C4256000E1EF3F /* Spinner.swift */ = {isa = PBXFileReference; fileEncoding = 4; lastKnownFileType = sourcecode.swift; path = Spinner.swift; sourceTree = "<group>"; };
		2863A22C26C4256100E1EF3F /* UserDefaultManager.swift */ = {isa = PBXFileReference; fileEncoding = 4; lastKnownFileType = sourcecode.swift; path = UserDefaultManager.swift; sourceTree = "<group>"; };
		2863A22E26C4256100E1EF3F /* Enumration.swift */ = {isa = PBXFileReference; fileEncoding = 4; lastKnownFileType = sourcecode.swift; path = Enumration.swift; sourceTree = "<group>"; };
		2863A23126C4256100E1EF3F /* InternetObserver.swift */ = {isa = PBXFileReference; fileEncoding = 4; lastKnownFileType = sourcecode.swift; path = InternetObserver.swift; sourceTree = "<group>"; };
		2863A23326C4256100E1EF3F /* APIMethod.swift */ = {isa = PBXFileReference; fileEncoding = 4; lastKnownFileType = sourcecode.swift; path = APIMethod.swift; sourceTree = "<group>"; };
		2863A23526C4256100E1EF3F /* EndPointConnection.swift */ = {isa = PBXFileReference; fileEncoding = 4; lastKnownFileType = sourcecode.swift; path = EndPointConnection.swift; sourceTree = "<group>"; };
		2863A23726C4256100E1EF3F /* APIService.swift */ = {isa = PBXFileReference; fileEncoding = 4; lastKnownFileType = sourcecode.swift; path = APIService.swift; sourceTree = "<group>"; };
		2863A23926C4256100E1EF3F /* JsonKey.swift */ = {isa = PBXFileReference; fileEncoding = 4; lastKnownFileType = sourcecode.swift; path = JsonKey.swift; sourceTree = "<group>"; };
		2863A23B26C4256100E1EF3F /* help.html */ = {isa = PBXFileReference; fileEncoding = 4; lastKnownFileType = text.html; path = help.html; sourceTree = "<group>"; };
		2863A23D26C4256100E1EF3F /* Extension.swift */ = {isa = PBXFileReference; fileEncoding = 4; lastKnownFileType = sourcecode.swift; path = Extension.swift; sourceTree = "<group>"; };
		2863A23F26C4256100E1EF3F /* Protocal.swift */ = {isa = PBXFileReference; fileEncoding = 4; lastKnownFileType = sourcecode.swift; path = Protocal.swift; sourceTree = "<group>"; };
		2863A26226C425E600E1EF3F /* WebKit.framework */ = {isa = PBXFileReference; lastKnownFileType = wrapper.framework; name = WebKit.framework; path = System/Library/Frameworks/WebKit.framework; sourceTree = SDKROOT; };
/* End PBXFileReference section */

/* Begin PBXFrameworksBuildPhase section */
		2863A19626C424E600E1EF3F /* Frameworks */ = {
			isa = PBXFrameworksBuildPhase;
			buildActionMask = 2147483647;
			files = (
				2863A26326C425E600E1EF3F /* WebKit.framework in Frameworks */,
			);
			runOnlyForDeploymentPostprocessing = 0;
		};
		2863A1AF26C424E900E1EF3F /* Frameworks */ = {
			isa = PBXFrameworksBuildPhase;
			buildActionMask = 2147483647;
			files = (
			);
			runOnlyForDeploymentPostprocessing = 0;
		};
		2863A1BA26C424E900E1EF3F /* Frameworks */ = {
			isa = PBXFrameworksBuildPhase;
			buildActionMask = 2147483647;
			files = (
			);
			runOnlyForDeploymentPostprocessing = 0;
		};
/* End PBXFrameworksBuildPhase section */

/* Begin PBXGroup section */
		2863A19026C424E600E1EF3F = {
			isa = PBXGroup;
			children = (
				2863A20126C4252A00E1EF3F /* AppDelegate */,
				2863A1FD26C4252A00E1EF3F /* Layout-Module */,
				2863A1D526C4252A00E1EF3F /* All-Module */,
				2863A21F26C4253700E1EF3F /* Support-Module */,
				2863A1B526C424E900E1EF3F /* MobiquityTests */,
				2863A1C026C424E900E1EF3F /* MobiquityUITests */,
				2863A19A26C424E600E1EF3F /* Products */,
				2863A26126C425E600E1EF3F /* Frameworks */,
			);
			sourceTree = "<group>";
		};
		2863A19A26C424E600E1EF3F /* Products */ = {
			isa = PBXGroup;
			children = (
				2863A19926C424E600E1EF3F /* Mobiquity.app */,
				2863A1B226C424E900E1EF3F /* MobiquityTests.xctest */,
				2863A1BD26C424E900E1EF3F /* MobiquityUITests.xctest */,
			);
			name = Products;
			sourceTree = "<group>";
		};
		2863A1B526C424E900E1EF3F /* MobiquityTests */ = {
			isa = PBXGroup;
			children = (
				2863A1B626C424E900E1EF3F /* MobiquityTests.swift */,
				2863A1B826C424E900E1EF3F /* Info.plist */,
			);
			path = MobiquityTests;
			sourceTree = "<group>";
		};
		2863A1C026C424E900E1EF3F /* MobiquityUITests */ = {
			isa = PBXGroup;
			children = (
				2863A1C126C424E900E1EF3F /* MobiquityUITests.swift */,
				2863A1C326C424E900E1EF3F /* Info.plist */,
			);
			path = MobiquityUITests;
			sourceTree = "<group>";
		};
		2863A1D526C4252A00E1EF3F /* All-Module */ = {
			isa = PBXGroup;
			children = (
				2863A1F426C4252A00E1EF3F /* Home-Module */,
				2863A1EB26C4252A00E1EF3F /* City-Module */,
				2863A1D626C4252A00E1EF3F /* Help-Module */,
				2863A1DD26C4252A00E1EF3F /* Settings-Module */,
				2863A1E426C4252A00E1EF3F /* Base-Module */,
			);
			path = "All-Module";
			sourceTree = "<group>";
		};
		2863A1D626C4252A00E1EF3F /* Help-Module */ = {
			isa = PBXGroup;
			children = (
				2863A1D926C4252A00E1EF3F /* Model */,
				2863A1DB26C4252A00E1EF3F /* View */,
				2863A1D726C4252A00E1EF3F /* ViewModel */,
			);
			path = "Help-Module";
			sourceTree = "<group>";
		};
		2863A1D726C4252A00E1EF3F /* ViewModel */ = {
			isa = PBXGroup;
			children = (
				2863A1D826C4252A00E1EF3F /* HelpViewModel.swift */,
			);
			path = ViewModel;
			sourceTree = "<group>";
		};
		2863A1D926C4252A00E1EF3F /* Model */ = {
			isa = PBXGroup;
			children = (
				2863A1DA26C4252A00E1EF3F /* HelpModel.swift */,
			);
			path = Model;
			sourceTree = "<group>";
		};
		2863A1DB26C4252A00E1EF3F /* View */ = {
			isa = PBXGroup;
			children = (
				2863A1DC26C4252A00E1EF3F /* HelpVC.swift */,
			);
			path = View;
			sourceTree = "<group>";
		};
		2863A1DD26C4252A00E1EF3F /* Settings-Module */ = {
			isa = PBXGroup;
			children = (
				2863A1E026C4252A00E1EF3F /* Model */,
				2863A1E226C4252A00E1EF3F /* View */,
				2863A1DE26C4252A00E1EF3F /* ViewModel */,
			);
			path = "Settings-Module";
			sourceTree = "<group>";
		};
		2863A1DE26C4252A00E1EF3F /* ViewModel */ = {
			isa = PBXGroup;
			children = (
				2863A1DF26C4252A00E1EF3F /* SettingViewModel.swift */,
			);
			path = ViewModel;
			sourceTree = "<group>";
		};
		2863A1E026C4252A00E1EF3F /* Model */ = {
			isa = PBXGroup;
			children = (
				2863A1E126C4252A00E1EF3F /* SettingModel.swift */,
			);
			path = Model;
			sourceTree = "<group>";
		};
		2863A1E226C4252A00E1EF3F /* View */ = {
			isa = PBXGroup;
			children = (
				2863A1E326C4252A00E1EF3F /* SettingVC.swift */,
			);
			path = View;
			sourceTree = "<group>";
		};
		2863A1E426C4252A00E1EF3F /* Base-Module */ = {
			isa = PBXGroup;
			children = (
				2863A1E726C4252A00E1EF3F /* Model */,
				2863A1E926C4252A00E1EF3F /* View */,
				2863A1E526C4252A00E1EF3F /* ViewModel */,
			);
			path = "Base-Module";
			sourceTree = "<group>";
		};
		2863A1E526C4252A00E1EF3F /* ViewModel */ = {
			isa = PBXGroup;
			children = (
				2863A1E626C4252A00E1EF3F /* BaseViewModel.swift */,
			);
			path = ViewModel;
			sourceTree = "<group>";
		};
		2863A1E726C4252A00E1EF3F /* Model */ = {
			isa = PBXGroup;
			children = (
				2863A1E826C4252A00E1EF3F /* BaseModel.swift */,
			);
			path = Model;
			sourceTree = "<group>";
		};
		2863A1E926C4252A00E1EF3F /* View */ = {
			isa = PBXGroup;
			children = (
				2863A1EA26C4252A00E1EF3F /* BaseVC.swift */,
			);
			path = View;
			sourceTree = "<group>";
		};
		2863A1EB26C4252A00E1EF3F /* City-Module */ = {
			isa = PBXGroup;
			children = (
				2863A1EE26C4252A00E1EF3F /* Model */,
				2863A1F026C4252A00E1EF3F /* View */,
				2863A1EC26C4252A00E1EF3F /* ViewModel */,
			);
			path = "City-Module";
			sourceTree = "<group>";
		};
		2863A1EC26C4252A00E1EF3F /* ViewModel */ = {
			isa = PBXGroup;
			children = (
				2863A1ED26C4252A00E1EF3F /* CityViewModel.swift */,
			);
			path = ViewModel;
			sourceTree = "<group>";
		};
		2863A1EE26C4252A00E1EF3F /* Model */ = {
			isa = PBXGroup;
			children = (
				2863A1EF26C4252A00E1EF3F /* CityModel.swift */,
			);
			path = Model;
			sourceTree = "<group>";
		};
		2863A1F026C4252A00E1EF3F /* View */ = {
			isa = PBXGroup;
			children = (
				2863A1F126C4252A00E1EF3F /* CityVC.swift */,
				2863A1F226C4252A00E1EF3F /* CityCell.xib */,
				2863A1F326C4252A00E1EF3F /* CityCell.swift */,
			);
			path = View;
			sourceTree = "<group>";
		};
		2863A1F426C4252A00E1EF3F /* Home-Module */ = {
			isa = PBXGroup;
			children = (
				2863A1F726C4252A00E1EF3F /* Model */,
				2863A1F926C4252A00E1EF3F /* View */,
				2863A1F526C4252A00E1EF3F /* ViewModel */,
			);
			path = "Home-Module";
			sourceTree = "<group>";
		};
		2863A1F526C4252A00E1EF3F /* ViewModel */ = {
			isa = PBXGroup;
			children = (
				2863A1F626C4252A00E1EF3F /* HomeViewModel.swift */,
			);
			path = ViewModel;
			sourceTree = "<group>";
		};
		2863A1F726C4252A00E1EF3F /* Model */ = {
			isa = PBXGroup;
			children = (
				2863A1F826C4252A00E1EF3F /* HomeModel.swift */,
			);
			path = Model;
			sourceTree = "<group>";
		};
		2863A1F926C4252A00E1EF3F /* View */ = {
			isa = PBXGroup;
			children = (
				2863A1FA26C4252A00E1EF3F /* ViewController.swift */,
				2863A1FB26C4252A00E1EF3F /* HomeCell.swift */,
				2863A1FC26C4252A00E1EF3F /* HomeCell.xib */,
			);
			path = View;
			sourceTree = "<group>";
		};
		2863A1FD26C4252A00E1EF3F /* Layout-Module */ = {
			isa = PBXGroup;
			children = (
				2863A1FE26C4252A00E1EF3F /* Assets.xcassets */,
				2863A1FF26C4252A00E1EF3F /* Main.storyboard */,
			);
			path = "Layout-Module";
			sourceTree = "<group>";
		};
		2863A20126C4252A00E1EF3F /* AppDelegate */ = {
			isa = PBXGroup;
			children = (
				2863A20226C4252A00E1EF3F /* AppDelegate.swift */,
			);
			path = AppDelegate;
			sourceTree = "<group>";
		};
		2863A21F26C4253700E1EF3F /* Support-Module */ = {
			isa = PBXGroup;
			children = (
				2863A1AD26C424E900E1EF3F /* Info.plist */,
				2863A1A526C424E600E1EF3F /* Mobiquity.xcdatamodeld */,
				2863A22526C4256000E1EF3F /* Constant */,
				2863A22D26C4256100E1EF3F /* Enumration */,
				2863A23C26C4256100E1EF3F /* Extension */,
				2863A23A26C4256100E1EF3F /* HTML */,
				2863A22026C4256000E1EF3F /* LaunchScreen */,
				2863A22F26C4256100E1EF3F /* NetworkLayer */,
				2863A23E26C4256100E1EF3F /* Protocal */,
				2863A22726C4256000E1EF3F /* SceneDelegate */,
				2863A22926C4256000E1EF3F /* Spinner */,
				2863A22326C4256000E1EF3F /* Structure */,
				2863A22B26C4256100E1EF3F /* UserDefaultManager */,
			);
			path = "Support-Module";
			sourceTree = "<group>";
		};
		2863A22026C4256000E1EF3F /* LaunchScreen */ = {
			isa = PBXGroup;
			children = (
				2863A22126C4256000E1EF3F /* LaunchScreen.storyboard */,
			);
			path = LaunchScreen;
			sourceTree = "<group>";
		};
		2863A22326C4256000E1EF3F /* Structure */ = {
			isa = PBXGroup;
			children = (
				2863A22426C4256000E1EF3F /* Structure.swift */,
			);
			path = Structure;
			sourceTree = "<group>";
		};
		2863A22526C4256000E1EF3F /* Constant */ = {
			isa = PBXGroup;
			children = (
				2863A22626C4256000E1EF3F /* Constant.swift */,
			);
			path = Constant;
			sourceTree = "<group>";
		};
		2863A22726C4256000E1EF3F /* SceneDelegate */ = {
			isa = PBXGroup;
			children = (
				2863A22826C4256000E1EF3F /* SceneDelegate.swift */,
			);
			path = SceneDelegate;
			sourceTree = "<group>";
		};
		2863A22926C4256000E1EF3F /* Spinner */ = {
			isa = PBXGroup;
			children = (
				2863A22A26C4256000E1EF3F /* Spinner.swift */,
			);
			path = Spinner;
			sourceTree = "<group>";
		};
		2863A22B26C4256100E1EF3F /* UserDefaultManager */ = {
			isa = PBXGroup;
			children = (
				2863A22C26C4256100E1EF3F /* UserDefaultManager.swift */,
			);
			path = UserDefaultManager;
			sourceTree = "<group>";
		};
		2863A22D26C4256100E1EF3F /* Enumration */ = {
			isa = PBXGroup;
			children = (
				2863A22E26C4256100E1EF3F /* Enumration.swift */,
			);
			path = Enumration;
			sourceTree = "<group>";
		};
		2863A22F26C4256100E1EF3F /* NetworkLayer */ = {
			isa = PBXGroup;
			children = (
				2863A23026C4256100E1EF3F /* InternetObserver */,
				2863A23226C4256100E1EF3F /* APIMethod */,
				2863A23426C4256100E1EF3F /* EndPointConnection */,
				2863A23626C4256100E1EF3F /* APIService */,
				2863A23826C4256100E1EF3F /* JsonKey */,
			);
			path = NetworkLayer;
			sourceTree = "<group>";
		};
		2863A23026C4256100E1EF3F /* InternetObserver */ = {
			isa = PBXGroup;
			children = (
				2863A23126C4256100E1EF3F /* InternetObserver.swift */,
			);
			path = InternetObserver;
			sourceTree = "<group>";
		};
		2863A23226C4256100E1EF3F /* APIMethod */ = {
			isa = PBXGroup;
			children = (
				2863A23326C4256100E1EF3F /* APIMethod.swift */,
			);
			path = APIMethod;
			sourceTree = "<group>";
		};
		2863A23426C4256100E1EF3F /* EndPointConnection */ = {
			isa = PBXGroup;
			children = (
				2863A23526C4256100E1EF3F /* EndPointConnection.swift */,
			);
			path = EndPointConnection;
			sourceTree = "<group>";
		};
		2863A23626C4256100E1EF3F /* APIService */ = {
			isa = PBXGroup;
			children = (
				2863A23726C4256100E1EF3F /* APIService.swift */,
			);
			path = APIService;
			sourceTree = "<group>";
		};
		2863A23826C4256100E1EF3F /* JsonKey */ = {
			isa = PBXGroup;
			children = (
				2863A23926C4256100E1EF3F /* JsonKey.swift */,
			);
			path = JsonKey;
			sourceTree = "<group>";
		};
		2863A23A26C4256100E1EF3F /* HTML */ = {
			isa = PBXGroup;
			children = (
				2863A23B26C4256100E1EF3F /* help.html */,
			);
			path = HTML;
			sourceTree = "<group>";
		};
		2863A23C26C4256100E1EF3F /* Extension */ = {
			isa = PBXGroup;
			children = (
				2863A23D26C4256100E1EF3F /* Extension.swift */,
			);
			path = Extension;
			sourceTree = "<group>";
		};
		2863A23E26C4256100E1EF3F /* Protocal */ = {
			isa = PBXGroup;
			children = (
				2863A23F26C4256100E1EF3F /* Protocal.swift */,
			);
			path = Protocal;
			sourceTree = "<group>";
		};
		2863A26126C425E600E1EF3F /* Frameworks */ = {
			isa = PBXGroup;
			children = (
				2863A26226C425E600E1EF3F /* WebKit.framework */,
			);
			name = Frameworks;
			sourceTree = "<group>";
		};
/* End PBXGroup section */

/* Begin PBXNativeTarget section */
		2863A19826C424E600E1EF3F /* Mobiquity */ = {
			isa = PBXNativeTarget;
			buildConfigurationList = 2863A1C626C424E900E1EF3F /* Build configuration list for PBXNativeTarget "Mobiquity" */;
			buildPhases = (
				2863A19526C424E600E1EF3F /* Sources */,
				2863A19626C424E600E1EF3F /* Frameworks */,
				2863A19726C424E600E1EF3F /* Resources */,
			);
			buildRules = (
			);
			dependencies = (
			);
			name = Mobiquity;
			productName = Mobiquity;
			productReference = 2863A19926C424E600E1EF3F /* Mobiquity.app */;
			productType = "com.apple.product-type.application";
		};
		2863A1B126C424E900E1EF3F /* MobiquityTests */ = {
			isa = PBXNativeTarget;
			buildConfigurationList = 2863A1C926C424E900E1EF3F /* Build configuration list for PBXNativeTarget "MobiquityTests" */;
			buildPhases = (
				2863A1AE26C424E900E1EF3F /* Sources */,
				2863A1AF26C424E900E1EF3F /* Frameworks */,
				2863A1B026C424E900E1EF3F /* Resources */,
			);
			buildRules = (
			);
			dependencies = (
				2863A1B426C424E900E1EF3F /* PBXTargetDependency */,
			);
			name = MobiquityTests;
			productName = MobiquityTests;
			productReference = 2863A1B226C424E900E1EF3F /* MobiquityTests.xctest */;
			productType = "com.apple.product-type.bundle.unit-test";
		};
		2863A1BC26C424E900E1EF3F /* MobiquityUITests */ = {
			isa = PBXNativeTarget;
			buildConfigurationList = 2863A1CC26C424E900E1EF3F /* Build configuration list for PBXNativeTarget "MobiquityUITests" */;
			buildPhases = (
				2863A1B926C424E900E1EF3F /* Sources */,
				2863A1BA26C424E900E1EF3F /* Frameworks */,
				2863A1BB26C424E900E1EF3F /* Resources */,
			);
			buildRules = (
			);
			dependencies = (
				2863A1BF26C424E900E1EF3F /* PBXTargetDependency */,
			);
			name = MobiquityUITests;
			productName = MobiquityUITests;
			productReference = 2863A1BD26C424E900E1EF3F /* MobiquityUITests.xctest */;
			productType = "com.apple.product-type.bundle.ui-testing";
		};
/* End PBXNativeTarget section */

/* Begin PBXProject section */
		2863A19126C424E600E1EF3F /* Project object */ = {
			isa = PBXProject;
			attributes = {
				LastSwiftUpdateCheck = 1240;
				LastUpgradeCheck = 1240;
				TargetAttributes = {
					2863A19826C424E600E1EF3F = {
						CreatedOnToolsVersion = 12.4;
					};
					2863A1B126C424E900E1EF3F = {
						CreatedOnToolsVersion = 12.4;
						TestTargetID = 2863A19826C424E600E1EF3F;
					};
					2863A1BC26C424E900E1EF3F = {
						CreatedOnToolsVersion = 12.4;
						TestTargetID = 2863A19826C424E600E1EF3F;
					};
				};
			};
			buildConfigurationList = 2863A19426C424E600E1EF3F /* Build configuration list for PBXProject "Mobiquity" */;
			compatibilityVersion = "Xcode 9.3";
			developmentRegion = en;
			hasScannedForEncodings = 0;
			knownRegions = (
				en,
				Base,
			);
			mainGroup = 2863A19026C424E600E1EF3F;
			productRefGroup = 2863A19A26C424E600E1EF3F /* Products */;
			projectDirPath = "";
			projectRoot = "";
			targets = (
				2863A19826C424E600E1EF3F /* Mobiquity */,
				2863A1B126C424E900E1EF3F /* MobiquityTests */,
				2863A1BC26C424E900E1EF3F /* MobiquityUITests */,
			);
		};
/* End PBXProject section */

/* Begin PBXResourcesBuildPhase section */
		2863A19726C424E600E1EF3F /* Resources */ = {
			isa = PBXResourcesBuildPhase;
			buildActionMask = 2147483647;
			files = (
				2863A21526C4252A00E1EF3F /* HomeCell.xib in Resources */,
				2863A24C26C4256100E1EF3F /* help.html in Resources */,
				2863A21626C4252A00E1EF3F /* Assets.xcassets in Resources */,
				2863A20F26C4252A00E1EF3F /* CityCell.xib in Resources */,
				2863A24026C4256100E1EF3F /* LaunchScreen.storyboard in Resources */,
				2863A21726C4252A00E1EF3F /* Main.storyboard in Resources */,
			);
			runOnlyForDeploymentPostprocessing = 0;
		};
		2863A1B026C424E900E1EF3F /* Resources */ = {
			isa = PBXResourcesBuildPhase;
			buildActionMask = 2147483647;
			files = (
			);
			runOnlyForDeploymentPostprocessing = 0;
		};
		2863A1BB26C424E900E1EF3F /* Resources */ = {
			isa = PBXResourcesBuildPhase;
			buildActionMask = 2147483647;
			files = (
			);
			runOnlyForDeploymentPostprocessing = 0;
		};
/* End PBXResourcesBuildPhase section */

/* Begin PBXSourcesBuildPhase section */
		2863A19526C424E600E1EF3F /* Sources */ = {
			isa = PBXSourcesBuildPhase;
			buildActionMask = 2147483647;
			files = (
				2863A20A26C4252A00E1EF3F /* BaseModel.swift in Sources */,
				2863A20C26C4252A00E1EF3F /* CityViewModel.swift in Sources */,
				2863A24A26C4256100E1EF3F /* APIService.swift in Sources */,
				2863A21826C4252A00E1EF3F /* AppDelegate.swift in Sources */,
				2863A20626C4252A00E1EF3F /* SettingViewModel.swift in Sources */,
				2863A24926C4256100E1EF3F /* EndPointConnection.swift in Sources */,
				2863A20826C4252A00E1EF3F /* SettingVC.swift in Sources */,
				2863A24D26C4256100E1EF3F /* Extension.swift in Sources */,
				2863A21226C4252A00E1EF3F /* HomeModel.swift in Sources */,
				2863A24426C4256100E1EF3F /* Spinner.swift in Sources */,
				2863A20426C4252A00E1EF3F /* HelpModel.swift in Sources */,
				2863A24726C4256100E1EF3F /* InternetObserver.swift in Sources */,
				2863A24326C4256100E1EF3F /* SceneDelegate.swift in Sources */,
				2863A24E26C4256100E1EF3F /* Protocal.swift in Sources */,
				2863A24126C4256100E1EF3F /* Structure.swift in Sources */,
				2863A20726C4252A00E1EF3F /* SettingModel.swift in Sources */,
				2863A20526C4252A00E1EF3F /* HelpVC.swift in Sources */,
				2863A20926C4252A00E1EF3F /* BaseViewModel.swift in Sources */,
				2863A21326C4252A00E1EF3F /* ViewController.swift in Sources */,
				2863A20D26C4252A00E1EF3F /* CityModel.swift in Sources */,
				2863A1A726C424E600E1EF3F /* Mobiquity.xcdatamodeld in Sources */,
				2863A24B26C4256100E1EF3F /* JsonKey.swift in Sources */,
				2863A24826C4256100E1EF3F /* APIMethod.swift in Sources */,
				2863A24226C4256100E1EF3F /* Constant.swift in Sources */,
				2863A20E26C4252A00E1EF3F /* CityVC.swift in Sources */,
				2863A24526C4256100E1EF3F /* UserDefaultManager.swift in Sources */,
				2863A20326C4252A00E1EF3F /* HelpViewModel.swift in Sources */,
				2863A24626C4256100E1EF3F /* Enumration.swift in Sources */,
				2863A21026C4252A00E1EF3F /* CityCell.swift in Sources */,
				2863A21126C4252A00E1EF3F /* HomeViewModel.swift in Sources */,
				2863A21426C4252A00E1EF3F /* HomeCell.swift in Sources */,
				2863A20B26C4252A00E1EF3F /* BaseVC.swift in Sources */,
			);
			runOnlyForDeploymentPostprocessing = 0;
		};
		2863A1AE26C424E900E1EF3F /* Sources */ = {
			isa = PBXSourcesBuildPhase;
			buildActionMask = 2147483647;
			files = (
				2863A1B726C424E900E1EF3F /* MobiquityTests.swift in Sources */,
			);
			runOnlyForDeploymentPostprocessing = 0;
		};
		2863A1B926C424E900E1EF3F /* Sources */ = {
			isa = PBXSourcesBuildPhase;
			buildActionMask = 2147483647;
			files = (
				2863A1C226C424E900E1EF3F /* MobiquityUITests.swift in Sources */,
			);
			runOnlyForDeploymentPostprocessing = 0;
		};
/* End PBXSourcesBuildPhase section */

/* Begin PBXTargetDependency section */
		2863A1B426C424E900E1EF3F /* PBXTargetDependency */ = {
			isa = PBXTargetDependency;
			target = 2863A19826C424E600E1EF3F /* Mobiquity */;
			targetProxy = 2863A1B326C424E900E1EF3F /* PBXContainerItemProxy */;
		};
		2863A1BF26C424E900E1EF3F /* PBXTargetDependency */ = {
			isa = PBXTargetDependency;
			target = 2863A19826C424E600E1EF3F /* Mobiquity */;
			targetProxy = 2863A1BE26C424E900E1EF3F /* PBXContainerItemProxy */;
		};
/* End PBXTargetDependency section */

/* Begin PBXVariantGroup section */
		2863A1FF26C4252A00E1EF3F /* Main.storyboard */ = {
			isa = PBXVariantGroup;
			children = (
				2863A20026C4252A00E1EF3F /* Base */,
			);
			name = Main.storyboard;
			sourceTree = "<group>";
		};
		2863A22126C4256000E1EF3F /* LaunchScreen.storyboard */ = {
			isa = PBXVariantGroup;
			children = (
				2863A22226C4256000E1EF3F /* Base */,
			);
			name = LaunchScreen.storyboard;
			sourceTree = "<group>";
		};
/* End PBXVariantGroup section */

/* Begin XCBuildConfiguration section */
		2863A1C426C424E900E1EF3F /* Debug */ = {
			isa = XCBuildConfiguration;
			buildSettings = {
				ALWAYS_SEARCH_USER_PATHS = NO;
				CLANG_ANALYZER_NONNULL = YES;
				CLANG_ANALYZER_NUMBER_OBJECT_CONVERSION = YES_AGGRESSIVE;
				CLANG_CXX_LANGUAGE_STANDARD = "gnu++14";
				CLANG_CXX_LIBRARY = "libc++";
				CLANG_ENABLE_MODULES = YES;
				CLANG_ENABLE_OBJC_ARC = YES;
				CLANG_ENABLE_OBJC_WEAK = YES;
				CLANG_WARN_BLOCK_CAPTURE_AUTORELEASING = YES;
				CLANG_WARN_BOOL_CONVERSION = YES;
				CLANG_WARN_COMMA = YES;
				CLANG_WARN_CONSTANT_CONVERSION = YES;
				CLANG_WARN_DEPRECATED_OBJC_IMPLEMENTATIONS = YES;
				CLANG_WARN_DIRECT_OBJC_ISA_USAGE = YES_ERROR;
				CLANG_WARN_DOCUMENTATION_COMMENTS = YES;
				CLANG_WARN_EMPTY_BODY = YES;
				CLANG_WARN_ENUM_CONVERSION = YES;
				CLANG_WARN_INFINITE_RECURSION = YES;
				CLANG_WARN_INT_CONVERSION = YES;
				CLANG_WARN_NON_LITERAL_NULL_CONVERSION = YES;
				CLANG_WARN_OBJC_IMPLICIT_RETAIN_SELF = YES;
				CLANG_WARN_OBJC_LITERAL_CONVERSION = YES;
				CLANG_WARN_OBJC_ROOT_CLASS = YES_ERROR;
				CLANG_WARN_QUOTED_INCLUDE_IN_FRAMEWORK_HEADER = YES;
				CLANG_WARN_RANGE_LOOP_ANALYSIS = YES;
				CLANG_WARN_STRICT_PROTOTYPES = YES;
				CLANG_WARN_SUSPICIOUS_MOVE = YES;
				CLANG_WARN_UNGUARDED_AVAILABILITY = YES_AGGRESSIVE;
				CLANG_WARN_UNREACHABLE_CODE = YES;
				CLANG_WARN__DUPLICATE_METHOD_MATCH = YES;
				COPY_PHASE_STRIP = NO;
				DEBUG_INFORMATION_FORMAT = dwarf;
				ENABLE_STRICT_OBJC_MSGSEND = YES;
				ENABLE_TESTABILITY = YES;
				GCC_C_LANGUAGE_STANDARD = gnu11;
				GCC_DYNAMIC_NO_PIC = NO;
				GCC_NO_COMMON_BLOCKS = YES;
				GCC_OPTIMIZATION_LEVEL = 0;
				GCC_PREPROCESSOR_DEFINITIONS = (
					"DEBUG=1",
					"$(inherited)",
				);
				GCC_WARN_64_TO_32_BIT_CONVERSION = YES;
				GCC_WARN_ABOUT_RETURN_TYPE = YES_ERROR;
				GCC_WARN_UNDECLARED_SELECTOR = YES;
				GCC_WARN_UNINITIALIZED_AUTOS = YES_AGGRESSIVE;
				GCC_WARN_UNUSED_FUNCTION = YES;
				GCC_WARN_UNUSED_VARIABLE = YES;
				IPHONEOS_DEPLOYMENT_TARGET = 13.0;
				MTL_ENABLE_DEBUG_INFO = INCLUDE_SOURCE;
				MTL_FAST_MATH = YES;
				ONLY_ACTIVE_ARCH = YES;
				SDKROOT = iphoneos;
				SWIFT_ACTIVE_COMPILATION_CONDITIONS = DEBUG;
				SWIFT_OPTIMIZATION_LEVEL = "-Onone";
			};
			name = Debug;
		};
		2863A1C526C424E900E1EF3F /* Release */ = {
			isa = XCBuildConfiguration;
			buildSettings = {
				ALWAYS_SEARCH_USER_PATHS = NO;
				CLANG_ANALYZER_NONNULL = YES;
				CLANG_ANALYZER_NUMBER_OBJECT_CONVERSION = YES_AGGRESSIVE;
				CLANG_CXX_LANGUAGE_STANDARD = "gnu++14";
				CLANG_CXX_LIBRARY = "libc++";
				CLANG_ENABLE_MODULES = YES;
				CLANG_ENABLE_OBJC_ARC = YES;
				CLANG_ENABLE_OBJC_WEAK = YES;
				CLANG_WARN_BLOCK_CAPTURE_AUTORELEASING = YES;
				CLANG_WARN_BOOL_CONVERSION = YES;
				CLANG_WARN_COMMA = YES;
				CLANG_WARN_CONSTANT_CONVERSION = YES;
				CLANG_WARN_DEPRECATED_OBJC_IMPLEMENTATIONS = YES;
				CLANG_WARN_DIRECT_OBJC_ISA_USAGE = YES_ERROR;
				CLANG_WARN_DOCUMENTATION_COMMENTS = YES;
				CLANG_WARN_EMPTY_BODY = YES;
				CLANG_WARN_ENUM_CONVERSION = YES;
				CLANG_WARN_INFINITE_RECURSION = YES;
				CLANG_WARN_INT_CONVERSION = YES;
				CLANG_WARN_NON_LITERAL_NULL_CONVERSION = YES;
				CLANG_WARN_OBJC_IMPLICIT_RETAIN_SELF = YES;
				CLANG_WARN_OBJC_LITERAL_CONVERSION = YES;
				CLANG_WARN_OBJC_ROOT_CLASS = YES_ERROR;
				CLANG_WARN_QUOTED_INCLUDE_IN_FRAMEWORK_HEADER = YES;
				CLANG_WARN_RANGE_LOOP_ANALYSIS = YES;
				CLANG_WARN_STRICT_PROTOTYPES = YES;
				CLANG_WARN_SUSPICIOUS_MOVE = YES;
				CLANG_WARN_UNGUARDED_AVAILABILITY = YES_AGGRESSIVE;
				CLANG_WARN_UNREACHABLE_CODE = YES;
				CLANG_WARN__DUPLICATE_METHOD_MATCH = YES;
				COPY_PHASE_STRIP = NO;
				DEBUG_INFORMATION_FORMAT = "dwarf-with-dsym";
				ENABLE_NS_ASSERTIONS = NO;
				ENABLE_STRICT_OBJC_MSGSEND = YES;
				GCC_C_LANGUAGE_STANDARD = gnu11;
				GCC_NO_COMMON_BLOCKS = YES;
				GCC_WARN_64_TO_32_BIT_CONVERSION = YES;
				GCC_WARN_ABOUT_RETURN_TYPE = YES_ERROR;
				GCC_WARN_UNDECLARED_SELECTOR = YES;
				GCC_WARN_UNINITIALIZED_AUTOS = YES_AGGRESSIVE;
				GCC_WARN_UNUSED_FUNCTION = YES;
				GCC_WARN_UNUSED_VARIABLE = YES;
				IPHONEOS_DEPLOYMENT_TARGET = 13.0;
				MTL_ENABLE_DEBUG_INFO = NO;
				MTL_FAST_MATH = YES;
				SDKROOT = iphoneos;
				SWIFT_COMPILATION_MODE = wholemodule;
				SWIFT_OPTIMIZATION_LEVEL = "-O";
				VALIDATE_PRODUCT = YES;
			};
			name = Release;
		};
		2863A1C726C424E900E1EF3F /* Debug */ = {
			isa = XCBuildConfiguration;
			buildSettings = {
				ASSETCATALOG_COMPILER_APPICON_NAME = AppIcon;
				ASSETCATALOG_COMPILER_GLOBAL_ACCENT_COLOR_NAME = AccentColor;
				CODE_SIGN_STYLE = Automatic;
				INFOPLIST_FILE = "$(SRCROOT)/Support-Module/Info.plist";
				IPHONEOS_DEPLOYMENT_TARGET = 13.0;
				LD_RUNPATH_SEARCH_PATHS = (
					"$(inherited)",
					"@executable_path/Frameworks",
				);
				PRODUCT_BUNDLE_IDENTIFIER = com.Mobiquity;
				PRODUCT_NAME = "$(TARGET_NAME)";
				SWIFT_VERSION = 5.0;
				TARGETED_DEVICE_FAMILY = 1;
			};
			name = Debug;
		};
		2863A1C826C424E900E1EF3F /* Release */ = {
			isa = XCBuildConfiguration;
			buildSettings = {
				ASSETCATALOG_COMPILER_APPICON_NAME = AppIcon;
				ASSETCATALOG_COMPILER_GLOBAL_ACCENT_COLOR_NAME = AccentColor;
				CODE_SIGN_STYLE = Automatic;
				INFOPLIST_FILE = "$(SRCROOT)/Support-Module/Info.plist";
				IPHONEOS_DEPLOYMENT_TARGET = 13.0;
				LD_RUNPATH_SEARCH_PATHS = (
					"$(inherited)",
					"@executable_path/Frameworks",
				);
				PRODUCT_BUNDLE_IDENTIFIER = com.Mobiquity;
				PRODUCT_NAME = "$(TARGET_NAME)";
				SWIFT_VERSION = 5.0;
				TARGETED_DEVICE_FAMILY = 1;
			};
			name = Release;
		};
		2863A1CA26C424E900E1EF3F /* Debug */ = {
			isa = XCBuildConfiguration;
			buildSettings = {
				ALWAYS_EMBED_SWIFT_STANDARD_LIBRARIES = YES;
				BUNDLE_LOADER = "$(TEST_HOST)";
				CODE_SIGN_STYLE = Automatic;
				INFOPLIST_FILE = MobiquityTests/Info.plist;
				IPHONEOS_DEPLOYMENT_TARGET = 14.4;
				LD_RUNPATH_SEARCH_PATHS = (
					"$(inherited)",
					"@executable_path/Frameworks",
					"@loader_path/Frameworks",
				);
				PRODUCT_BUNDLE_IDENTIFIER = com.MobiquityTests;
				PRODUCT_NAME = "$(TARGET_NAME)";
				SWIFT_VERSION = 5.0;
				TARGETED_DEVICE_FAMILY = "1,2";
				TEST_HOST = "$(BUILT_PRODUCTS_DIR)/Mobiquity.app/Mobiquity";
			};
			name = Debug;
		};
		2863A1CB26C424E900E1EF3F /* Release */ = {
			isa = XCBuildConfiguration;
			buildSettings = {
				ALWAYS_EMBED_SWIFT_STANDARD_LIBRARIES = YES;
				BUNDLE_LOADER = "$(TEST_HOST)";
				CODE_SIGN_STYLE = Automatic;
				INFOPLIST_FILE = MobiquityTests/Info.plist;
				IPHONEOS_DEPLOYMENT_TARGET = 14.4;
				LD_RUNPATH_SEARCH_PATHS = (
					"$(inherited)",
					"@executable_path/Frameworks",
					"@loader_path/Frameworks",
				);
				PRODUCT_BUNDLE_IDENTIFIER = com.MobiquityTests;
				PRODUCT_NAME = "$(TARGET_NAME)";
				SWIFT_VERSION = 5.0;
				TARGETED_DEVICE_FAMILY = "1,2";
				TEST_HOST = "$(BUILT_PRODUCTS_DIR)/Mobiquity.app/Mobiquity";
			};
			name = Release;
		};
		2863A1CD26C424E900E1EF3F /* Debug */ = {
			isa = XCBuildConfiguration;
			buildSettings = {
				ALWAYS_EMBED_SWIFT_STANDARD_LIBRARIES = YES;
				CODE_SIGN_STYLE = Automatic;
				INFOPLIST_FILE = MobiquityUITests/Info.plist;
				LD_RUNPATH_SEARCH_PATHS = (
					"$(inherited)",
					"@executable_path/Frameworks",
					"@loader_path/Frameworks",
				);
				PRODUCT_BUNDLE_IDENTIFIER = com.MobiquityUITests;
				PRODUCT_NAME = "$(TARGET_NAME)";
				SWIFT_VERSION = 5.0;
				TARGETED_DEVICE_FAMILY = "1,2";
				TEST_TARGET_NAME = Mobiquity;
			};
			name = Debug;
		};
		2863A1CE26C424E900E1EF3F /* Release */ = {
			isa = XCBuildConfiguration;
			buildSettings = {
				ALWAYS_EMBED_SWIFT_STANDARD_LIBRARIES = YES;
				CODE_SIGN_STYLE = Automatic;
				INFOPLIST_FILE = MobiquityUITests/Info.plist;
				LD_RUNPATH_SEARCH_PATHS = (
					"$(inherited)",
					"@executable_path/Frameworks",
					"@loader_path/Frameworks",
				);
				PRODUCT_BUNDLE_IDENTIFIER = com.MobiquityUITests;
				PRODUCT_NAME = "$(TARGET_NAME)";
				SWIFT_VERSION = 5.0;
				TARGETED_DEVICE_FAMILY = "1,2";
				TEST_TARGET_NAME = Mobiquity;
			};
			name = Release;
		};
/* End XCBuildConfiguration section */

/* Begin XCConfigurationList section */
		2863A19426C424E600E1EF3F /* Build configuration list for PBXProject "Mobiquity" */ = {
			isa = XCConfigurationList;
			buildConfigurations = (
				2863A1C426C424E900E1EF3F /* Debug */,
				2863A1C526C424E900E1EF3F /* Release */,
			);
			defaultConfigurationIsVisible = 0;
			defaultConfigurationName = Release;
		};
		2863A1C626C424E900E1EF3F /* Build configuration list for PBXNativeTarget "Mobiquity" */ = {
			isa = XCConfigurationList;
			buildConfigurations = (
				2863A1C726C424E900E1EF3F /* Debug */,
				2863A1C826C424E900E1EF3F /* Release */,
			);
			defaultConfigurationIsVisible = 0;
			defaultConfigurationName = Release;
		};
		2863A1C926C424E900E1EF3F /* Build configuration list for PBXNativeTarget "MobiquityTests" */ = {
			isa = XCConfigurationList;
			buildConfigurations = (
				2863A1CA26C424E900E1EF3F /* Debug */,
				2863A1CB26C424E900E1EF3F /* Release */,
			);
			defaultConfigurationIsVisible = 0;
			defaultConfigurationName = Release;
		};
		2863A1CC26C424E900E1EF3F /* Build configuration list for PBXNativeTarget "MobiquityUITests" */ = {
			isa = XCConfigurationList;
			buildConfigurations = (
				2863A1CD26C424E900E1EF3F /* Debug */,
				2863A1CE26C424E900E1EF3F /* Release */,
			);
			defaultConfigurationIsVisible = 0;
			defaultConfigurationName = Release;
		};
/* End XCConfigurationList section */

/* Begin XCVersionGroup section */
		2863A1A526C424E600E1EF3F /* Mobiquity.xcdatamodeld */ = {
			isa = XCVersionGroup;
			children = (
				2863A1A626C424E600E1EF3F /* Mobiquity.xcdatamodel */,
			);
			currentVersion = 2863A1A626C424E600E1EF3F /* Mobiquity.xcdatamodel */;
			path = Mobiquity.xcdatamodeld;
			sourceTree = "<group>";
			versionGroupType = wrapper.xcdatamodel;
		};
/* End XCVersionGroup section */
	};
	rootObject = 2863A19126C424E600E1EF3F /* Project object */;
}
